# This file is autogenerated, do not edit; changes may be undone by the next 'dep ensure'.


[[projects]]
  branch = "master"
  name = "github.com/armon/go-radix"
  packages = ["."]
  revision = "4239b77079c7b5d1243b7b4736304ce8ddb6f0f2"

[[projects]]
  branch = "master"
  name = "github.com/jessevdk/go-flags"
  packages = ["."]
  revision = "f88afde2fa19a30cf50ba4b05b3d13bc6bae3079"

[[projects]]
  branch = "master"
  name = "github.com/julienschmidt/httprouter"
  packages = ["."]
  revision = "975b5c4c7c21c0e3d2764200bf2aa8e34657ae6e"

[[projects]]
  branch = "master"
  name = "github.com/lib/pq"
  packages = [
    ".",
    "oid"
  ]
  revision = "017e4c14d80628353eaee677a1aeffe47a10c0dc"

[[projects]]
  branch = "master"
  name = "github.com/mitchellh/copystructure"
  packages = ["."]
  revision = "f81071c9d77b7931f78c90b416a074ecdc50e959"

[[projects]]
  branch = "master"
  name = "github.com/mitchellh/reflectwalk"
  packages = ["."]
  revision = "417edcfd99a4d472c262e58f22b4bfe97580f03e"

[[projects]]
  branch = "master"
  name = "github.com/nu7hatch/gouuid"
  packages = ["."]
  revision = "179d4d0c4d8d407a32af483c2354df1d2c91e6c3"

[[projects]]
  branch = "master"
  name = "github.com/rcrowley/go-metrics"
  packages = [
    ".",
    "exp"
  ]
  revision = "1f30fe9094a513ce4c700b9a54458bbb0c96996c"

[[projects]]
  branch = "master"
  name = "github.com/renstrom/go-jump-consistent-hash"
  packages = ["."]
  revision = "fb38e599c973a35e0667e322bf02453926b96345"

[[projects]]
  branch = "master"
  name = "github.com/segmentio/ksuid"
  packages = ["."]
  revision = "3afe411cb572d01e8cca76be44d691de89efb1fb"

[[projects]]
  name = "github.com/sergi/go-diff"
  packages = ["diffmatchpatch"]
  revision = "1744e2970ca51c86172c8190fadad617561ed6e7"
  version = "v1.0.0"

[[projects]]
  branch = "master"
  name = "github.com/sirupsen/logrus"
  packages = ["."]
  revision = "89742aefa4b206dcf400792f3bd35b542998eb3b"

[[projects]]
  branch = "master"
  name = "golang.org/x/crypto"
  packages = ["ssh/terminal"]
  revision = "9419663f5a44be8b34ca85f08abc5fe1be11f8a3"

[[projects]]
  branch = "master"
  name = "golang.org/x/sys"
  packages = [
    "unix",
    "windows"
  ]
  revision = "ebfc5b4631820b793c9010c87fd8fef0f39eb082"

[[projects]]
  branch = "v2"
  name = "gopkg.in/yaml.v2"
  packages = ["."]
  revision = "eb3733d160e74a9c7e442f435eb3bea458e1d19f"

[solve-meta]
  analyzer-name = "dep"
  analyzer-version = 1
  inputs-digest = "3bfa1f5416723128d997b887e352cb69fb65c0c3eb979352f013caa3d16bf734"
  solver-name = "gps-cdcl"
  solver-version = 1
